
Microsoft Visual Studio Solution File, Format Version 12.00
# Visual Studio Version 16
VisualStudioVersion = 25.0.1706.4
MinimumVisualStudioVersion = 10.0.40219.1
Project("{FAE04EC0-301F-11D3-BF4B-00C04F79EFBC}") = "miry.manage-personne.api", "miry.manage-personne.api\miry.manage-personne.api.csproj", "{389CC04A-0494-4D80-AE43-A0B21C36CBE5}"
EndProject
Project("{FAE04EC0-301F-11D3-BF4B-00C04F79EFBC}") = "miry.manage-personne.domain", "miry.manage-personne.domain\miry.manage-personne.domain.csproj", "{8AC4D9F1-441B-43A4-8622-045C4B164BEF}"
EndProject
Project("{FAE04EC0-301F-11D3-BF4B-00C04F79EFBC}") = "miry.manage-base.domain", "miry.manage-base.domain\miry.manage-base.domain.csproj", "{02F531D5-BEA1-4099-B38E-D39611B8599F}"
EndProject
Project("{FAE04EC0-301F-11D3-BF4B-00C04F79EFBC}") = "miry.manage-base.repository", "miry.manage-base.repository\miry.manage-base.repository.csproj", "{E7C38167-D307-432F-824C-313C4D23E048}"
EndProject
Project("{FAE04EC0-301F-11D3-BF4B-00C04F79EFBC}") = "miry.manage-personne.business", "miry.manage-personne.business\miry.manage-personne.business.csproj", "{B11D85D8-6353-4E1A-82EA-163522E24D24}"
EndProject
Project("{FAE04EC0-301F-11D3-BF4B-00C04F79EFBC}") = "miry.manage-base.service", "miry.manage-base.service\miry.manage-base.service.csproj", "{41AA6236-AFA7-47B8-A8F0-CDBC7BBEE646}"
EndProject
Project("{FAE04EC0-301F-11D3-BF4B-00C04F79EFBC}") = "miry.async-service", "miry.async-service.client\miry.async-service.csproj", "{A4B29A70-42B0-4BB9-AF6A-C6EE4855C918}"
EndProject
Global
	GlobalSection(SolutionConfigurationPlatforms) = preSolution
		Debug|Any CPU = Debug|Any CPU
		Release|Any CPU = Release|Any CPU
	EndGlobalSection
	GlobalSection(ProjectConfigurationPlatforms) = postSolution
		{389CC04A-0494-4D80-AE43-A0B21C36CBE5}.Debug|Any CPU.ActiveCfg = Debug|Any CPU
		{389CC04A-0494-4D80-AE43-A0B21C36CBE5}.Debug|Any CPU.Build.0 = Debug|Any CPU
		{389CC04A-0494-4D80-AE43-A0B21C36CBE5}.Release|Any CPU.ActiveCfg = Release|Any CPU
		{389CC04A-0494-4D80-AE43-A0B21C36CBE5}.Release|Any CPU.Build.0 = Release|Any CPU
		{8AC4D9F1-441B-43A4-8622-045C4B164BEF}.Debug|Any CPU.ActiveCfg = Debug|Any CPU
		{8AC4D9F1-441B-43A4-8622-045C4B164BEF}.Debug|Any CPU.Build.0 = Debug|Any CPU
		{8AC4D9F1-441B-43A4-8622-045C4B164BEF}.Release|Any CPU.ActiveCfg = Release|Any CPU
		{8AC4D9F1-441B-43A4-8622-045C4B164BEF}.Release|Any CPU.Build.0 = Release|Any CPU
		{02F531D5-BEA1-4099-B38E-D39611B8599F}.Debug|Any CPU.ActiveCfg = Debug|Any CPU
		{02F531D5-BEA1-4099-B38E-D39611B8599F}.Debug|Any CPU.Build.0 = Debug|Any CPU
		{02F531D5-BEA1-4099-B38E-D39611B8599F}.Release|Any CPU.ActiveCfg = Release|Any CPU
		{02F531D5-BEA1-4099-B38E-D39611B8599F}.Release|Any CPU.Build.0 = Release|Any CPU
		{E7C38167-D307-432F-824C-313C4D23E048}.Debug|Any CPU.ActiveCfg = Debug|Any CPU
		{E7C38167-D307-432F-824C-313C4D23E048}.Debug|Any CPU.Build.0 = Debug|Any CPU
		{E7C38167-D307-432F-824C-313C4D23E048}.Release|Any CPU.ActiveCfg = Release|Any CPU
		{E7C38167-D307-432F-824C-313C4D23E048}.Release|Any CPU.Build.0 = Release|Any CPU
		{B11D85D8-6353-4E1A-82EA-163522E24D24}.Debug|Any CPU.ActiveCfg = Debug|Any CPU
		{B11D85D8-6353-4E1A-82EA-163522E24D24}.Debug|Any CPU.Build.0 = Debug|Any CPU
		{B11D85D8-6353-4E1A-82EA-163522E24D24}.Release|Any CPU.ActiveCfg = Release|Any CPU
		{B11D85D8-6353-4E1A-82EA-163522E24D24}.Release|Any CPU.Build.0 = Release|Any CPU
		{41AA6236-AFA7-47B8-A8F0-CDBC7BBEE646}.Debug|Any CPU.ActiveCfg = Debug|Any CPU
		{41AA6236-AFA7-47B8-A8F0-CDBC7BBEE646}.Debug|Any CPU.Build.0 = Debug|Any CPU
		{41AA6236-AFA7-47B8-A8F0-CDBC7BBEE646}.Release|Any CPU.ActiveCfg = Release|Any CPU
		{41AA6236-AFA7-47B8-A8F0-CDBC7BBEE646}.Release|Any CPU.Build.0 = Release|Any CPU
		{A4B29A70-42B0-4BB9-AF6A-C6EE4855C918}.Debug|Any CPU.ActiveCfg = Debug|Any CPU
		{A4B29A70-42B0-4BB9-AF6A-C6EE4855C918}.Debug|Any CPU.Build.0 = Debug|Any CPU
		{A4B29A70-42B0-4BB9-AF6A-C6EE4855C918}.Release|Any CPU.ActiveCfg = Release|Any CPU
		{A4B29A70-42B0-4BB9-AF6A-C6EE4855C918}.Release|Any CPU.Build.0 = Release|Any CPU
	EndGlobalSection
	GlobalSection(SolutionProperties) = preSolution
		HideSolutionNode = FALSE
	EndGlobalSection
	GlobalSection(ExtensibilityGlobals) = postSolution
		SolutionGuid = {492906CE-DAE4-418A-AAEA-3199BC5D8A07}
	EndGlobalSection
EndGlobal
